
Microsoft Visual Studio Solution File, Format Version 12.00
# Visual Studio Version 17
VisualStudioVersion = 17.12.35514.174
MinimumVisualStudioVersion = 10.0.40219.1
Project("{FAE04EC0-301F-11D3-BF4B-00C04F79EFBC}") = "Day01", "Day01\Day01.csproj", "{CAB91298-D727-4DDA-A47E-51AF45F101C0}"
EndProject
Project("{FAE04EC0-301F-11D3-BF4B-00C04F79EFBC}") = "Day02", "Day02\Day02.csproj", "{63A9CF37-59D8-4052-AD2A-3E18FD0F860B}"
EndProject
Project("{FAE04EC0-301F-11D3-BF4B-00C04F79EFBC}") = "Day03", "Day03\Day03.csproj", "{DBC100BF-AC39-4558-9E11-406A684BD426}"
EndProject
Project("{FAE04EC0-301F-11D3-BF4B-00C04F79EFBC}") = "Day04", "Day04\Day04.csproj", "{5A4723CE-0B63-4463-B8CF-0FFB6F9E03E2}"
EndProject
Project("{FAE04EC0-301F-11D3-BF4B-00C04F79EFBC}") = "Day05", "Day05\Day05.csproj", "{8797E3FC-A1DA-4F0F-9ADA-C79FC5794B05}"
EndProject
Project("{FAE04EC0-301F-11D3-BF4B-00C04F79EFBC}") = "Day06", "Day06\Day06.csproj", "{C3A7D467-1B45-4AEB-AC90-F6FBA29A71BC}"
EndProject
Project("{FAE04EC0-301F-11D3-BF4B-00C04F79EFBC}") = "Day07", "Day07\Day07.csproj", "{69838ED2-9DF7-45A9-9FC1-81B959725B2B}"
EndProject
Project("{FAE04EC0-301F-11D3-BF4B-00C04F79EFBC}") = "Day08", "Day08\Day08.csproj", "{406C340F-C9A2-4C92-8C41-512D258F77BA}"
EndProject
Project("{FAE04EC0-301F-11D3-BF4B-00C04F79EFBC}") = "Day09", "Day09\Day09.csproj", "{F0E8E152-10FD-4B73-9299-87688D4DB195}"
EndProject
Project("{FAE04EC0-301F-11D3-BF4B-00C04F79EFBC}") = "Day10", "Day10\Day10.csproj", "{30E2ABC8-E39F-4B23-AC0C-F95C3C920ACF}"
EndProject
Project("{FAE04EC0-301F-11D3-BF4B-00C04F79EFBC}") = "Day11", "Day11\Day11.csproj", "{050CF884-AC28-4711-88AC-0C3732FDD959}"
EndProject
Project("{FAE04EC0-301F-11D3-BF4B-00C04F79EFBC}") = "Day12", "Day12\Day12.csproj", "{9494AE13-75AD-4E9F-BB52-F092D0F8F9CF}"
EndProject
Project("{FAE04EC0-301F-11D3-BF4B-00C04F79EFBC}") = "Day13", "Day13\Day13.csproj", "{523A0207-4048-4320-AB08-616CD407CD09}"
EndProject
Global
	GlobalSection(SolutionConfigurationPlatforms) = preSolution
		Debug|Any CPU = Debug|Any CPU
		Release|Any CPU = Release|Any CPU
	EndGlobalSection
	GlobalSection(ProjectConfigurationPlatforms) = postSolution
		{CAB91298-D727-4DDA-A47E-51AF45F101C0}.Debug|Any CPU.ActiveCfg = Debug|Any CPU
		{CAB91298-D727-4DDA-A47E-51AF45F101C0}.Debug|Any CPU.Build.0 = Debug|Any CPU
		{CAB91298-D727-4DDA-A47E-51AF45F101C0}.Release|Any CPU.ActiveCfg = Release|Any CPU
		{CAB91298-D727-4DDA-A47E-51AF45F101C0}.Release|Any CPU.Build.0 = Release|Any CPU
		{63A9CF37-59D8-4052-AD2A-3E18FD0F860B}.Debug|Any CPU.ActiveCfg = Debug|Any CPU
		{63A9CF37-59D8-4052-AD2A-3E18FD0F860B}.Debug|Any CPU.Build.0 = Debug|Any CPU
		{63A9CF37-59D8-4052-AD2A-3E18FD0F860B}.Release|Any CPU.ActiveCfg = Release|Any CPU
		{63A9CF37-59D8-4052-AD2A-3E18FD0F860B}.Release|Any CPU.Build.0 = Release|Any CPU
		{DBC100BF-AC39-4558-9E11-406A684BD426}.Debug|Any CPU.ActiveCfg = Debug|Any CPU
		{DBC100BF-AC39-4558-9E11-406A684BD426}.Debug|Any CPU.Build.0 = Debug|Any CPU
		{DBC100BF-AC39-4558-9E11-406A684BD426}.Release|Any CPU.ActiveCfg = Release|Any CPU
		{DBC100BF-AC39-4558-9E11-406A684BD426}.Release|Any CPU.Build.0 = Release|Any CPU
		{5A4723CE-0B63-4463-B8CF-0FFB6F9E03E2}.Debug|Any CPU.ActiveCfg = Debug|Any CPU
		{5A4723CE-0B63-4463-B8CF-0FFB6F9E03E2}.Debug|Any CPU.Build.0 = Debug|Any CPU
		{5A4723CE-0B63-4463-B8CF-0FFB6F9E03E2}.Release|Any CPU.ActiveCfg = Release|Any CPU
		{5A4723CE-0B63-4463-B8CF-0FFB6F9E03E2}.Release|Any CPU.Build.0 = Release|Any CPU
		{8797E3FC-A1DA-4F0F-9ADA-C79FC5794B05}.Debug|Any CPU.ActiveCfg = Debug|Any CPU
		{8797E3FC-A1DA-4F0F-9ADA-C79FC5794B05}.Debug|Any CPU.Build.0 = Debug|Any CPU
		{8797E3FC-A1DA-4F0F-9ADA-C79FC5794B05}.Release|Any CPU.ActiveCfg = Release|Any CPU
		{8797E3FC-A1DA-4F0F-9ADA-C79FC5794B05}.Release|Any CPU.Build.0 = Release|Any CPU
		{C3A7D467-1B45-4AEB-AC90-F6FBA29A71BC}.Debug|Any CPU.ActiveCfg = Debug|Any CPU
		{C3A7D467-1B45-4AEB-AC90-F6FBA29A71BC}.Debug|Any CPU.Build.0 = Debug|Any CPU
		{C3A7D467-1B45-4AEB-AC90-F6FBA29A71BC}.Release|Any CPU.ActiveCfg = Release|Any CPU
		{C3A7D467-1B45-4AEB-AC90-F6FBA29A71BC}.Release|Any CPU.Build.0 = Release|Any CPU
		{69838ED2-9DF7-45A9-9FC1-81B959725B2B}.Debug|Any CPU.ActiveCfg = Debug|Any CPU
		{69838ED2-9DF7-45A9-9FC1-81B959725B2B}.Debug|Any CPU.Build.0 = Debug|Any CPU
		{69838ED2-9DF7-45A9-9FC1-81B959725B2B}.Release|Any CPU.ActiveCfg = Release|Any CPU
		{69838ED2-9DF7-45A9-9FC1-81B959725B2B}.Release|Any CPU.Build.0 = Release|Any CPU
		{406C340F-C9A2-4C92-8C41-512D258F77BA}.Debug|Any CPU.ActiveCfg = Debug|Any CPU
		{406C340F-C9A2-4C92-8C41-512D258F77BA}.Debug|Any CPU.Build.0 = Debug|Any CPU
		{406C340F-C9A2-4C92-8C41-512D258F77BA}.Release|Any CPU.ActiveCfg = Release|Any CPU
		{406C340F-C9A2-4C92-8C41-512D258F77BA}.Release|Any CPU.Build.0 = Release|Any CPU
		{F0E8E152-10FD-4B73-9299-87688D4DB195}.Debug|Any CPU.ActiveCfg = Debug|Any CPU
		{F0E8E152-10FD-4B73-9299-87688D4DB195}.Debug|Any CPU.Build.0 = Debug|Any CPU
		{F0E8E152-10FD-4B73-9299-87688D4DB195}.Release|Any CPU.ActiveCfg = Release|Any CPU
		{F0E8E152-10FD-4B73-9299-87688D4DB195}.Release|Any CPU.Build.0 = Release|Any CPU
		{30E2ABC8-E39F-4B23-AC0C-F95C3C920ACF}.Debug|Any CPU.ActiveCfg = Debug|Any CPU
		{30E2ABC8-E39F-4B23-AC0C-F95C3C920ACF}.Debug|Any CPU.Build.0 = Debug|Any CPU
		{30E2ABC8-E39F-4B23-AC0C-F95C3C920ACF}.Release|Any CPU.ActiveCfg = Release|Any CPU
		{30E2ABC8-E39F-4B23-AC0C-F95C3C920ACF}.Release|Any CPU.Build.0 = Release|Any CPU
		{050CF884-AC28-4711-88AC-0C3732FDD959}.Debug|Any CPU.ActiveCfg = Debug|Any CPU
		{050CF884-AC28-4711-88AC-0C3732FDD959}.Debug|Any CPU.Build.0 = Debug|Any CPU
		{050CF884-AC28-4711-88AC-0C3732FDD959}.Release|Any CPU.ActiveCfg = Release|Any CPU
		{050CF884-AC28-4711-88AC-0C3732FDD959}.Release|Any CPU.Build.0 = Release|Any CPU
		{9494AE13-75AD-4E9F-BB52-F092D0F8F9CF}.Debug|Any CPU.ActiveCfg = Debug|Any CPU
		{9494AE13-75AD-4E9F-BB52-F092D0F8F9CF}.Debug|Any CPU.Build.0 = Debug|Any CPU
		{9494AE13-75AD-4E9F-BB52-F092D0F8F9CF}.Release|Any CPU.ActiveCfg = Release|Any CPU
		{9494AE13-75AD-4E9F-BB52-F092D0F8F9CF}.Release|Any CPU.Build.0 = Release|Any CPU
		{523A0207-4048-4320-AB08-616CD407CD09}.Debug|Any CPU.ActiveCfg = Debug|Any CPU
		{523A0207-4048-4320-AB08-616CD407CD09}.Debug|Any CPU.Build.0 = Debug|Any CPU
		{523A0207-4048-4320-AB08-616CD407CD09}.Release|Any CPU.ActiveCfg = Release|Any CPU
		{523A0207-4048-4320-AB08-616CD407CD09}.Release|Any CPU.Build.0 = Release|Any CPU
	EndGlobalSection
	GlobalSection(SolutionProperties) = preSolution
		HideSolutionNode = FALSE
	EndGlobalSection
EndGlobal
